# Generated by buf. DO NOT EDIT.
version: v1
deps:
  - remote: buf.build
    owner: agynio
    repository: api
    commit: 7721aa9d1e41453db6d9ac3521887b9b
    digest: shake256:60098cedc0ee55b9f498116637339a5a1fca4459f125e7cba5bcf2bb05c242fd2a75fd39ed57c9a147636ed626e7fc03251d50574612c53f7a73a3727dd43973
  - remote: buf.build
    owner: opentelemetry
    repository: opentelemetry
    commit: 5f2c7d4f740541589805e0816dad4bb0
    digest: shake256:1a1c76b9fb39277f441fa81273e5132e2856558fd52b04e3ea69051f6ecdb5293e35c8915ec7e20507bba9d4bb6b0ba9a1408062fa63dd7f09db015ad06736ab
